PODS:
  - BaseValueDecodable (1.0.0)

DEPENDENCIES:
  - BaseValueDecodable (from `../`)

EXTERNAL SOURCES:
  BaseValueDecodable:
    :path: "../"

SPEC CHECKSUMS:
  BaseValueDecodable: 15dfe744b4d9bc909d015a5f90f687dd58d1ac29

PODFILE CHECKSUM: ac06ffcef2d6afb993942828e70f3b9f457a9b4a

COCOAPODS: 1.10.2
